schema: '2.0'
stages:
  train:
    cmd: python3 src/model.py
    deps:
    - path: params.yaml
      hash: md5
      md5: e1349c6c68d5733b39ca59708fafa5d5
      size: 1418
    - path: src/model.py
      hash: md5
      md5: 7bc7300e5912f01d26ef7ca808d285a1
      size: 16861
    - path: test/test.csv
      hash: md5
      md5: 7b0c53df81decbfcaf9ad520f0e1d733
      size: 81779
    - path: train/train.csv
      hash: md5
      md5: 9e58639ba87e7b74647e93e928a403de
      size: 190942
    outs:
    - path: artifacts/X_test_cnn.npy
      hash: md5
      md5: 8db58713cef6c4bebc4fbc380827fee2
      size: 56192
    - path: artifacts/feature_columns.json
      hash: md5
      md5: a3ccd0e8d4fb43b684aa354f30b7ab95
      size: 568
    - path: artifacts/scaler.pkl
      hash: md5
      md5: d43f58b16dff98ebf523a9c84eaefd0e
      size: 999
    - path: artifacts/sklearn_metrics.json
      hash: md5
      md5: caa9681c3a729ab48f9cce4a1de43b23
      size: 3288
    - path: artifacts/training_history.json
      hash: md5
      md5: 379f7599876418be4b820e6bb6780ed9
      size: 1772
    - path: artifacts/y_test.npy
      hash: md5
      md5: 7ed646690e9c132135a3bfef2986d329
      size: 3632
    - path: models/model.keras
      hash: md5
      md5: d5582c32fb71449881ed5bec12cfbc36
      size: 1550114
    - path: models/model_decision_tree.pkl
      hash: md5
      md5: 622e10a19b3f80ea318a06aa7fdde6cc
      size: 16353
    - path: models/model_random_forest.pkl
      hash: md5
      md5: 72335e3b1b1d3156ed1e34c1a3f93203
      size: 3104769
  evaluate:
    cmd: python3 src/evaluate.py
    deps:
    - path: artifacts/X_test_cnn.npy
      hash: md5
      md5: 8db58713cef6c4bebc4fbc380827fee2
      size: 56192
    - path: artifacts/feature_columns.json
      hash: md5
      md5: a3ccd0e8d4fb43b684aa354f30b7ab95
      size: 568
    - path: artifacts/training_history.json
      hash: md5
      md5: 379f7599876418be4b820e6bb6780ed9
      size: 1772
    - path: artifacts/y_test.npy
      hash: md5
      md5: 7ed646690e9c132135a3bfef2986d329
      size: 3632
    - path: models/model.keras
      hash: md5
      md5: d5582c32fb71449881ed5bec12cfbc36
      size: 1550114
    - path: params.yaml
      hash: md5
      md5: e1349c6c68d5733b39ca59708fafa5d5
      size: 1418
    - path: src/evaluate.py
      hash: md5
      md5: 8962fdf2d160d3795a08c8bc06ad2994
      size: 9752
    - path: test/test.csv
      hash: md5
      md5: 7b0c53df81decbfcaf9ad520f0e1d733
      size: 81779
    outs:
    - path: metrics.json
      hash: md5
      md5: 994cba3c9137c2b45cc7a12f3de4e983
      size: 4114
